
Microsoft Visual Studio Solution File, Format Version 12.00
# Visual Studio Version 17
VisualStudioVersion = 17.11.35327.3
MinimumVisualStudioVersion = 10.0.40219.1
Project("{FAE04EC0-301F-11D3-BF4B-00C04F79EFBC}") = "Movie Data Base Lab", "Movie Data Base Lab\Movie Data Base Lab.csproj", "{C030E14B-0561-44C1-A881-C28372BB4456}"
EndProject
Global
	GlobalSection(SolutionConfigurationPlatforms) = preSolution
		Debug|Any CPU = Debug|Any CPU
		Release|Any CPU = Release|Any CPU
	EndGlobalSection
	GlobalSection(ProjectConfigurationPlatforms) = postSolution
		{C030E14B-0561-44C1-A881-C28372BB4456}.Debug|Any CPU.ActiveCfg = Debug|Any CPU
		{C030E14B-0561-44C1-A881-C28372BB4456}.Debug|Any CPU.Build.0 = Debug|Any CPU
		{C030E14B-0561-44C1-A881-C28372BB4456}.Release|Any CPU.ActiveCfg = Release|Any CPU
		{C030E14B-0561-44C1-A881-C28372BB4456}.Release|Any CPU.Build.0 = Release|Any CPU
	EndGlobalSection
	GlobalSection(SolutionProperties) = preSolution
		HideSolutionNode = FALSE
	EndGlobalSection
	GlobalSection(ExtensibilityGlobals) = postSolution
		SolutionGuid = {EAA9FABD-D13F-408A-91DA-FEF5938450DA}
	EndGlobalSection
EndGlobal
